
Microsoft Visual Studio Solution File, Format Version 12.00
# Visual Studio Version 16
VisualStudioVersion = 16.0.28531.58
MinimumVisualStudioVersion = 10.0.40219.1
Project("{FAE04EC0-301F-11D3-BF4B-00C04F79EFBC}") = "FolderComparator", "FolderComparator\FolderComparator.csproj", "{DC643207-9833-4B11-99E1-8F82DE904914}"
EndProject
Global
	GlobalSection(SolutionConfigurationPlatforms) = preSolution
		Debug|Any CPU = Debug|Any CPU
		Release|Any CPU = Release|Any CPU
	EndGlobalSection
	GlobalSection(ProjectConfigurationPlatforms) = postSolution
		{DC643207-9833-4B11-99E1-8F82DE904914}.Debug|Any CPU.ActiveCfg = Debug|Any CPU
		{DC643207-9833-4B11-99E1-8F82DE904914}.Debug|Any CPU.Build.0 = Debug|Any CPU
		{DC643207-9833-4B11-99E1-8F82DE904914}.Release|Any CPU.ActiveCfg = Release|Any CPU
		{DC643207-9833-4B11-99E1-8F82DE904914}.Release|Any CPU.Build.0 = Release|Any CPU
	EndGlobalSection
	GlobalSection(SolutionProperties) = preSolution
		HideSolutionNode = FALSE
	EndGlobalSection
	GlobalSection(ExtensibilityGlobals) = postSolution
		SolutionGuid = {6081D43F-4C91-470E-8BD7-B7A3A6829A5C}
	EndGlobalSection
EndGlobal
